// !$*UTF8*$!
{
	archiveVersion = 1;
	classes = {
	};
	objectVersion = 50;
	objects = {

/* Begin PBXBuildFile section */
		2534395224379DB700EA34D0 /* DeckDetailPresenter.swift in Sources */ = {isa = PBXBuildFile; fileRef = 2534394C24379DB700EA34D0 /* DeckDetailPresenter.swift */; };
		2534395324379DB700EA34D0 /* DeckDetailWorker.swift in Sources */ = {isa = PBXBuildFile; fileRef = 2534394D24379DB700EA34D0 /* DeckDetailWorker.swift */; };
		2534395424379DB700EA34D0 /* DeckDetailRouter.swift in Sources */ = {isa = PBXBuildFile; fileRef = 2534394E24379DB700EA34D0 /* DeckDetailRouter.swift */; };
		2534395524379DB700EA34D0 /* DeckDetailModels.swift in Sources */ = {isa = PBXBuildFile; fileRef = 2534394F24379DB700EA34D0 /* DeckDetailModels.swift */; };
		2534395624379DB700EA34D0 /* DeckDetailViewController.swift in Sources */ = {isa = PBXBuildFile; fileRef = 2534395024379DB700EA34D0 /* DeckDetailViewController.swift */; };
		2534395724379DB700EA34D0 /* DeckDetailInteractor.swift in Sources */ = {isa = PBXBuildFile; fileRef = 2534395124379DB700EA34D0 /* DeckDetailInteractor.swift */; };
		25BF792524345E9300CE0E7A /* DecksMemStore.swift in Sources */ = {isa = PBXBuildFile; fileRef = 25BF792424345E9300CE0E7A /* DecksMemStore.swift */; };
		25BF79272435B2F100CE0E7A /* DecksCollectionViewCell.swift in Sources */ = {isa = PBXBuildFile; fileRef = 25BF79262435B2F100CE0E7A /* DecksCollectionViewCell.swift */; };
		25BF792F2436916500CE0E7A /* Deck.swift in Sources */ = {isa = PBXBuildFile; fileRef = 25BF792E2436916500CE0E7A /* Deck.swift */; };
		25BF7931243691A100CE0E7A /* DecksWorker.swift in Sources */ = {isa = PBXBuildFile; fileRef = 25BF7930243691A100CE0E7A /* DecksWorker.swift */; };
		25DABD4A243BD53300037E7E /* DeckDetailView.swift in Sources */ = {isa = PBXBuildFile; fileRef = 25DABD49243BD53300037E7E /* DeckDetailView.swift */; };
		8E02E95B2429753A0023992C /* AppDelegate.swift in Sources */ = {isa = PBXBuildFile; fileRef = 8E02E95A2429753A0023992C /* AppDelegate.swift */; };
		8E02E9642429753B0023992C /* Assets.xcassets in Resources */ = {isa = PBXBuildFile; fileRef = 8E02E9632429753B0023992C /* Assets.xcassets */; };
		8E02E9672429753B0023992C /* LaunchScreen.storyboard in Resources */ = {isa = PBXBuildFile; fileRef = 8E02E9652429753B0023992C /* LaunchScreen.storyboard */; };
		8E02E973242AF4590023992C /* DecksPresenter.swift in Sources */ = {isa = PBXBuildFile; fileRef = 8E02E96E242AF4590023992C /* DecksPresenter.swift */; };
		8E02E974242AF4590023992C /* DecksRouter.swift in Sources */ = {isa = PBXBuildFile; fileRef = 8E02E96F242AF4590023992C /* DecksRouter.swift */; };
		8E02E975242AF4590023992C /* DecksModels.swift in Sources */ = {isa = PBXBuildFile; fileRef = 8E02E970242AF4590023992C /* DecksModels.swift */; };
		8E02E976242AF4590023992C /* DecksViewController.swift in Sources */ = {isa = PBXBuildFile; fileRef = 8E02E971242AF4590023992C /* DecksViewController.swift */; };
		8E02E977242AF4590023992C /* DecksInteractor.swift in Sources */ = {isa = PBXBuildFile; fileRef = 8E02E972242AF4590023992C /* DecksInteractor.swift */; };
		8E02E97B242AF4CF0023992C /* DecksView.swift in Sources */ = {isa = PBXBuildFile; fileRef = 8E02E97A242AF4CF0023992C /* DecksView.swift */; };
/* End PBXBuildFile section */

/* Begin PBXFileReference section */
		2534394C24379DB700EA34D0 /* DeckDetailPresenter.swift */ = {isa = PBXFileReference; lastKnownFileType = sourcecode.swift; path = DeckDetailPresenter.swift; sourceTree = "<group>"; };
		2534394D24379DB700EA34D0 /* DeckDetailWorker.swift */ = {isa = PBXFileReference; lastKnownFileType = sourcecode.swift; path = DeckDetailWorker.swift; sourceTree = "<group>"; };
		2534394E24379DB700EA34D0 /* DeckDetailRouter.swift */ = {isa = PBXFileReference; lastKnownFileType = sourcecode.swift; path = DeckDetailRouter.swift; sourceTree = "<group>"; };
		2534394F24379DB700EA34D0 /* DeckDetailModels.swift */ = {isa = PBXFileReference; lastKnownFileType = sourcecode.swift; path = DeckDetailModels.swift; sourceTree = "<group>"; };
		2534395024379DB700EA34D0 /* DeckDetailViewController.swift */ = {isa = PBXFileReference; lastKnownFileType = sourcecode.swift; path = DeckDetailViewController.swift; sourceTree = "<group>"; };
		2534395124379DB700EA34D0 /* DeckDetailInteractor.swift */ = {isa = PBXFileReference; lastKnownFileType = sourcecode.swift; path = DeckDetailInteractor.swift; sourceTree = "<group>"; };
		25BF792424345E9300CE0E7A /* DecksMemStore.swift */ = {isa = PBXFileReference; lastKnownFileType = sourcecode.swift; path = DecksMemStore.swift; sourceTree = "<group>"; };
		25BF79262435B2F100CE0E7A /* DecksCollectionViewCell.swift */ = {isa = PBXFileReference; lastKnownFileType = sourcecode.swift; path = DecksCollectionViewCell.swift; sourceTree = "<group>"; };
		25BF792E2436916500CE0E7A /* Deck.swift */ = {isa = PBXFileReference; lastKnownFileType = sourcecode.swift; path = Deck.swift; sourceTree = "<group>"; };
		25BF7930243691A100CE0E7A /* DecksWorker.swift */ = {isa = PBXFileReference; lastKnownFileType = sourcecode.swift; path = DecksWorker.swift; sourceTree = "<group>"; };
		25DABD49243BD53300037E7E /* DeckDetailView.swift */ = {isa = PBXFileReference; lastKnownFileType = sourcecode.swift; path = DeckDetailView.swift; sourceTree = "<group>"; };
		8E02E9572429753A0023992C /* Spaced Repetition.app */ = {isa = PBXFileReference; explicitFileType = wrapper.application; includeInIndex = 0; path = "Spaced Repetition.app"; sourceTree = BUILT_PRODUCTS_DIR; };
		8E02E95A2429753A0023992C /* AppDelegate.swift */ = {isa = PBXFileReference; lastKnownFileType = sourcecode.swift; path = AppDelegate.swift; sourceTree = "<group>"; };
		8E02E9632429753B0023992C /* Assets.xcassets */ = {isa = PBXFileReference; lastKnownFileType = folder.assetcatalog; path = Assets.xcassets; sourceTree = "<group>"; };
		8E02E9662429753B0023992C /* Base */ = {isa = PBXFileReference; lastKnownFileType = file.storyboard; name = Base; path = Base.lproj/LaunchScreen.storyboard; sourceTree = "<group>"; };
		8E02E9682429753B0023992C /* Info.plist */ = {isa = PBXFileReference; lastKnownFileType = text.plist.xml; path = Info.plist; sourceTree = "<group>"; };
		8E02E96E242AF4590023992C /* DecksPresenter.swift */ = {isa = PBXFileReference; lastKnownFileType = sourcecode.swift; path = DecksPresenter.swift; sourceTree = "<group>"; };
		8E02E96F242AF4590023992C /* DecksRouter.swift */ = {isa = PBXFileReference; lastKnownFileType = sourcecode.swift; path = DecksRouter.swift; sourceTree = "<group>"; };
		8E02E970242AF4590023992C /* DecksModels.swift */ = {isa = PBXFileReference; lastKnownFileType = sourcecode.swift; path = DecksModels.swift; sourceTree = "<group>"; };
		8E02E971242AF4590023992C /* DecksViewController.swift */ = {isa = PBXFileReference; lastKnownFileType = sourcecode.swift; path = DecksViewController.swift; sourceTree = "<group>"; };
		8E02E972242AF4590023992C /* DecksInteractor.swift */ = {isa = PBXFileReference; lastKnownFileType = sourcecode.swift; path = DecksInteractor.swift; sourceTree = "<group>"; };
		8E02E97A242AF4CF0023992C /* DecksView.swift */ = {isa = PBXFileReference; lastKnownFileType = sourcecode.swift; path = DecksView.swift; sourceTree = "<group>"; };
/* End PBXFileReference section */

/* Begin PBXFrameworksBuildPhase section */
		8E02E9542429753A0023992C /* Frameworks */ = {
			isa = PBXFrameworksBuildPhase;
			buildActionMask = 2147483647;
			files = (
			);
			runOnlyForDeploymentPostprocessing = 0;
		};
/* End PBXFrameworksBuildPhase section */

/* Begin PBXGroup section */
		2534394B24379DA700EA34D0 /* DeckDetail */ = {
			isa = PBXGroup;
			children = (
				25DABD49243BD53300037E7E /* DeckDetailView.swift */,
				2534395024379DB700EA34D0 /* DeckDetailViewController.swift */,
				2534394C24379DB700EA34D0 /* DeckDetailPresenter.swift */,
				2534394D24379DB700EA34D0 /* DeckDetailWorker.swift */,
				2534394E24379DB700EA34D0 /* DeckDetailRouter.swift */,
				2534394F24379DB700EA34D0 /* DeckDetailModels.swift */,
				2534395124379DB700EA34D0 /* DeckDetailInteractor.swift */,
			);
			path = DeckDetail;
			sourceTree = "<group>";
		};
		25BF7921243454F900CE0E7A /* Models */ = {
			isa = PBXGroup;
			children = (
				25BF792E2436916500CE0E7A /* Deck.swift */,
			);
			path = Models;
			sourceTree = "<group>";
		};
		25BF79222434550000CE0E7A /* Services */ = {
			isa = PBXGroup;
			children = (
				25BF792424345E9300CE0E7A /* DecksMemStore.swift */,
			);
			path = Services;
			sourceTree = "<group>";
		};
		25BF792D24368F4600CE0E7A /* Workers */ = {
			isa = PBXGroup;
			children = (
				25BF7930243691A100CE0E7A /* DecksWorker.swift */,
			);
			path = Workers;
			sourceTree = "<group>";
		};
		8E02E94E2429753A0023992C = {
			isa = PBXGroup;
			children = (
				8E02E9592429753A0023992C /* Spaced Repetition */,
				8E02E9582429753A0023992C /* Products */,
			);
			sourceTree = "<group>";
		};
		8E02E9582429753A0023992C /* Products */ = {
			isa = PBXGroup;
			children = (
				8E02E9572429753A0023992C /* Spaced Repetition.app */,
			);
			name = Products;
			sourceTree = "<group>";
		};
		8E02E9592429753A0023992C /* Spaced Repetition */ = {
			isa = PBXGroup;
			children = (
				25BF792D24368F4600CE0E7A /* Workers */,
				25BF79222434550000CE0E7A /* Services */,
				25BF7921243454F900CE0E7A /* Models */,
				8E02E979242AF4670023992C /* Scene */,
				8E02E95A2429753A0023992C /* AppDelegate.swift */,
				8E02E9632429753B0023992C /* Assets.xcassets */,
				8E02E9652429753B0023992C /* LaunchScreen.storyboard */,
				8E02E9682429753B0023992C /* Info.plist */,
			);
			path = "Spaced Repetition";
			sourceTree = "<group>";
		};
		8E02E978242AF4600023992C /* Decks */ = {
			isa = PBXGroup;
			children = (
				8E02E97A242AF4CF0023992C /* DecksView.swift */,
				25BF79262435B2F100CE0E7A /* DecksCollectionViewCell.swift */,
				8E02E971242AF4590023992C /* DecksViewController.swift */,
				8E02E96E242AF4590023992C /* DecksPresenter.swift */,
				8E02E96F242AF4590023992C /* DecksRouter.swift */,
				8E02E970242AF4590023992C /* DecksModels.swift */,
				8E02E972242AF4590023992C /* DecksInteractor.swift */,
			);
			path = Decks;
			sourceTree = "<group>";
		};
		8E02E979242AF4670023992C /* Scene */ = {
			isa = PBXGroup;
			children = (
				2534394B24379DA700EA34D0 /* DeckDetail */,
				8E02E978242AF4600023992C /* Decks */,
			);
			path = Scene;
			sourceTree = "<group>";
		};
/* End PBXGroup section */

/* Begin PBXNativeTarget section */
		8E02E9562429753A0023992C /* Spaced Repetition */ = {
			isa = PBXNativeTarget;
			buildConfigurationList = 8E02E96B2429753B0023992C /* Build configuration list for PBXNativeTarget "Spaced Repetition" */;
			buildPhases = (
				8E02E9532429753A0023992C /* Sources */,
				8E02E9542429753A0023992C /* Frameworks */,
				8E02E9552429753A0023992C /* Resources */,
			);
			buildRules = (
			);
			dependencies = (
			);
			name = "Spaced Repetition";
			productName = "Spaced Repetition";
			productReference = 8E02E9572429753A0023992C /* Spaced Repetition.app */;
			productType = "com.apple.product-type.application";
		};
/* End PBXNativeTarget section */

/* Begin PBXProject section */
		8E02E94F2429753A0023992C /* Project object */ = {
			isa = PBXProject;
			attributes = {
				LastSwiftUpdateCheck = 1130;
				LastUpgradeCheck = 1130;
				ORGANIZATIONNAME = "An Nguyen";
				TargetAttributes = {
					8E02E9562429753A0023992C = {
						CreatedOnToolsVersion = 11.3.1;
					};
				};
			};
			buildConfigurationList = 8E02E9522429753A0023992C /* Build configuration list for PBXProject "Spaced Repetition" */;
			compatibilityVersion = "Xcode 9.3";
			developmentRegion = en;
			hasScannedForEncodings = 0;
			knownRegions = (
				en,
				Base,
			);
			mainGroup = 8E02E94E2429753A0023992C;
			productRefGroup = 8E02E9582429753A0023992C /* Products */;
			projectDirPath = "";
			projectRoot = "";
			targets = (
				8E02E9562429753A0023992C /* Spaced Repetition */,
			);
		};
/* End PBXProject section */

/* Begin PBXResourcesBuildPhase section */
		8E02E9552429753A0023992C /* Resources */ = {
			isa = PBXResourcesBuildPhase;
			buildActionMask = 2147483647;
			files = (
				8E02E9672429753B0023992C /* LaunchScreen.storyboard in Resources */,
				8E02E9642429753B0023992C /* Assets.xcassets in Resources */,
			);
			runOnlyForDeploymentPostprocessing = 0;
		};
/* End PBXResourcesBuildPhase section */

/* Begin PBXSourcesBuildPhase section */
		8E02E9532429753A0023992C /* Sources */ = {
			isa = PBXSourcesBuildPhase;
			buildActionMask = 2147483647;
			files = (
				8E02E975242AF4590023992C /* DecksModels.swift in Sources */,
				8E02E95B2429753A0023992C /* AppDelegate.swift in Sources */,
				2534395724379DB700EA34D0 /* DeckDetailInteractor.swift in Sources */,
				2534395624379DB700EA34D0 /* DeckDetailViewController.swift in Sources */,
				25DABD4A243BD53300037E7E /* DeckDetailView.swift in Sources */,
				25BF792F2436916500CE0E7A /* Deck.swift in Sources */,
				8E02E977242AF4590023992C /* DecksInteractor.swift in Sources */,
				25BF79272435B2F100CE0E7A /* DecksCollectionViewCell.swift in Sources */,
				2534395324379DB700EA34D0 /* DeckDetailWorker.swift in Sources */,
				25BF7931243691A100CE0E7A /* DecksWorker.swift in Sources */,
				8E02E973242AF4590023992C /* DecksPresenter.swift in Sources */,
				2534395424379DB700EA34D0 /* DeckDetailRouter.swift in Sources */,
				2534395524379DB700EA34D0 /* DeckDetailModels.swift in Sources */,
				25BF792524345E9300CE0E7A /* DecksMemStore.swift in Sources */,
				8E02E974242AF4590023992C /* DecksRouter.swift in Sources */,
				8E02E97B242AF4CF0023992C /* DecksView.swift in Sources */,
				2534395224379DB700EA34D0 /* DeckDetailPresenter.swift in Sources */,
				8E02E976242AF4590023992C /* DecksViewController.swift in Sources */,
			);
			runOnlyForDeploymentPostprocessing = 0;
		};
/* End PBXSourcesBuildPhase section */

/* Begin PBXVariantGroup section */
		8E02E9652429753B0023992C /* LaunchScreen.storyboard */ = {
			isa = PBXVariantGroup;
			children = (
				8E02E9662429753B0023992C /* Base */,
			);
			name = LaunchScreen.storyboard;
			sourceTree = "<group>";
		};
/* End PBXVariantGroup section */

/* Begin XCBuildConfiguration section */
		8E02E9692429753B0023992C /* Debug */ = {
			isa = XCBuildConfiguration;
			buildSettings = {
				ALWAYS_SEARCH_USER_PATHS = NO;
				CLANG_ANALYZER_NONNULL = YES;
				CLANG_ANALYZER_NUMBER_OBJECT_CONVERSION = YES_AGGRESSIVE;
				CLANG_CXX_LANGUAGE_STANDARD = "gnu++14";
				CLANG_CXX_LIBRARY = "libc++";
				CLANG_ENABLE_MODULES = YES;
				CLANG_ENABLE_OBJC_ARC = YES;
				CLANG_ENABLE_OBJC_WEAK = YES;
				CLANG_WARN_BLOCK_CAPTURE_AUTORELEASING = YES;
				CLANG_WARN_BOOL_CONVERSION = YES;
				CLANG_WARN_COMMA = YES;
				CLANG_WARN_CONSTANT_CONVERSION = YES;
				CLANG_WARN_DEPRECATED_OBJC_IMPLEMENTATIONS = YES;
				CLANG_WARN_DIRECT_OBJC_ISA_USAGE = YES_ERROR;
				CLANG_WARN_DOCUMENTATION_COMMENTS = YES;
				CLANG_WARN_EMPTY_BODY = YES;
				CLANG_WARN_ENUM_CONVERSION = YES;
				CLANG_WARN_INFINITE_RECURSION = YES;
				CLANG_WARN_INT_CONVERSION = YES;
				CLANG_WARN_NON_LITERAL_NULL_CONVERSION = YES;
				CLANG_WARN_OBJC_IMPLICIT_RETAIN_SELF = YES;
				CLANG_WARN_OBJC_LITERAL_CONVERSION = YES;
				CLANG_WARN_OBJC_ROOT_CLASS = YES_ERROR;
				CLANG_WARN_RANGE_LOOP_ANALYSIS = YES;
				CLANG_WARN_STRICT_PROTOTYPES = YES;
				CLANG_WARN_SUSPICIOUS_MOVE = YES;
				CLANG_WARN_UNGUARDED_AVAILABILITY = YES_AGGRESSIVE;
				CLANG_WARN_UNREACHABLE_CODE = YES;
				CLANG_WARN__DUPLICATE_METHOD_MATCH = YES;
				COPY_PHASE_STRIP = NO;
				DEBUG_INFORMATION_FORMAT = dwarf;
				ENABLE_STRICT_OBJC_MSGSEND = YES;
				ENABLE_TESTABILITY = YES;
				GCC_C_LANGUAGE_STANDARD = gnu11;
				GCC_DYNAMIC_NO_PIC = NO;
				GCC_NO_COMMON_BLOCKS = YES;
				GCC_OPTIMIZATION_LEVEL = 0;
				GCC_PREPROCESSOR_DEFINITIONS = (
					"DEBUG=1",
					"$(inherited)",
				);
				GCC_WARN_64_TO_32_BIT_CONVERSION = YES;
				GCC_WARN_ABOUT_RETURN_TYPE = YES_ERROR;
				GCC_WARN_UNDECLARED_SELECTOR = YES;
				GCC_WARN_UNINITIALIZED_AUTOS = YES_AGGRESSIVE;
				GCC_WARN_UNUSED_FUNCTION = YES;
				GCC_WARN_UNUSED_VARIABLE = YES;
				IPHONEOS_DEPLOYMENT_TARGET = 13.2;
				MTL_ENABLE_DEBUG_INFO = INCLUDE_SOURCE;
				MTL_FAST_MATH = YES;
				ONLY_ACTIVE_ARCH = YES;
				SDKROOT = iphoneos;
				SWIFT_ACTIVE_COMPILATION_CONDITIONS = DEBUG;
				SWIFT_OPTIMIZATION_LEVEL = "-Onone";
			};
			name = Debug;
		};
		8E02E96A2429753B0023992C /* Release */ = {
			isa = XCBuildConfiguration;
			buildSettings = {
				ALWAYS_SEARCH_USER_PATHS = NO;
				CLANG_ANALYZER_NONNULL = YES;
				CLANG_ANALYZER_NUMBER_OBJECT_CONVERSION = YES_AGGRESSIVE;
				CLANG_CXX_LANGUAGE_STANDARD = "gnu++14";
				CLANG_CXX_LIBRARY = "libc++";
				CLANG_ENABLE_MODULES = YES;
				CLANG_ENABLE_OBJC_ARC = YES;
				CLANG_ENABLE_OBJC_WEAK = YES;
				CLANG_WARN_BLOCK_CAPTURE_AUTORELEASING = YES;
				CLANG_WARN_BOOL_CONVERSION = YES;
				CLANG_WARN_COMMA = YES;
				CLANG_WARN_CONSTANT_CONVERSION = YES;
				CLANG_WARN_DEPRECATED_OBJC_IMPLEMENTATIONS = YES;
				CLANG_WARN_DIRECT_OBJC_ISA_USAGE = YES_ERROR;
				CLANG_WARN_DOCUMENTATION_COMMENTS = YES;
				CLANG_WARN_EMPTY_BODY = YES;
				CLANG_WARN_ENUM_CONVERSION = YES;
				CLANG_WARN_INFINITE_RECURSION = YES;
				CLANG_WARN_INT_CONVERSION = YES;
				CLANG_WARN_NON_LITERAL_NULL_CONVERSION = YES;
				CLANG_WARN_OBJC_IMPLICIT_RETAIN_SELF = YES;
				CLANG_WARN_OBJC_LITERAL_CONVERSION = YES;
				CLANG_WARN_OBJC_ROOT_CLASS = YES_ERROR;
				CLANG_WARN_RANGE_LOOP_ANALYSIS = YES;
				CLANG_WARN_STRICT_PROTOTYPES = YES;
				CLANG_WARN_SUSPICIOUS_MOVE = YES;
				CLANG_WARN_UNGUARDED_AVAILABILITY = YES_AGGRESSIVE;
				CLANG_WARN_UNREACHABLE_CODE = YES;
				CLANG_WARN__DUPLICATE_METHOD_MATCH = YES;
				COPY_PHASE_STRIP = NO;
				DEBUG_INFORMATION_FORMAT = "dwarf-with-dsym";
				ENABLE_NS_ASSERTIONS = NO;
				ENABLE_STRICT_OBJC_MSGSEND = YES;
				GCC_C_LANGUAGE_STANDARD = gnu11;
				GCC_NO_COMMON_BLOCKS = YES;
				GCC_WARN_64_TO_32_BIT_CONVERSION = YES;
				GCC_WARN_ABOUT_RETURN_TYPE = YES_ERROR;
				GCC_WARN_UNDECLARED_SELECTOR = YES;
				GCC_WARN_UNINITIALIZED_AUTOS = YES_AGGRESSIVE;
				GCC_WARN_UNUSED_FUNCTION = YES;
				GCC_WARN_UNUSED_VARIABLE = YES;
				IPHONEOS_DEPLOYMENT_TARGET = 13.2;
				MTL_ENABLE_DEBUG_INFO = NO;
				MTL_FAST_MATH = YES;
				SDKROOT = iphoneos;
				SWIFT_COMPILATION_MODE = wholemodule;
				SWIFT_OPTIMIZATION_LEVEL = "-O";
				VALIDATE_PRODUCT = YES;
			};
			name = Release;
		};
		8E02E96C2429753B0023992C /* Debug */ = {
			isa = XCBuildConfiguration;
			buildSettings = {
				ASSETCATALOG_COMPILER_APPICON_NAME = AppIcon;
				CODE_SIGN_STYLE = Automatic;
				DEVELOPMENT_TEAM = 8K8998CC2H;
				INFOPLIST_FILE = "Spaced Repetition/Info.plist";
				LD_RUNPATH_SEARCH_PATHS = (
					"$(inherited)",
					"@executable_path/Frameworks",
				);
				PRODUCT_BUNDLE_IDENTIFIER = "com.elixirapps.Spaced-Repetition";
				PRODUCT_NAME = "$(TARGET_NAME)";
				SWIFT_VERSION = 5.0;
				TARGETED_DEVICE_FAMILY = "1,2";
			};
			name = Debug;
		};
		8E02E96D2429753B0023992C /* Release */ = {
			isa = XCBuildConfiguration;
			buildSettings = {
				ASSETCATALOG_COMPILER_APPICON_NAME = AppIcon;
				CODE_SIGN_STYLE = Automatic;
				DEVELOPMENT_TEAM = 8K8998CC2H;
				INFOPLIST_FILE = "Spaced Repetition/Info.plist";
				LD_RUNPATH_SEARCH_PATHS = (
					"$(inherited)",
					"@executable_path/Frameworks",
				);
				PRODUCT_BUNDLE_IDENTIFIER = "com.elixirapps.Spaced-Repetition";
				PRODUCT_NAME = "$(TARGET_NAME)";
				SWIFT_VERSION = 5.0;
				TARGETED_DEVICE_FAMILY = "1,2";
			};
			name = Release;
		};
/* End XCBuildConfiguration section */

/* Begin XCConfigurationList section */
		8E02E9522429753A0023992C /* Build configuration list for PBXProject "Spaced Repetition" */ = {
			isa = XCConfigurationList;
			buildConfigurations = (
				8E02E9692429753B0023992C /* Debug */,
				8E02E96A2429753B0023992C /* Release */,
			);
			defaultConfigurationIsVisible = 0;
			defaultConfigurationName = Release;
		};
		8E02E96B2429753B0023992C /* Build configuration list for PBXNativeTarget "Spaced Repetition" */ = {
			isa = XCConfigurationList;
			buildConfigurations = (
				8E02E96C2429753B0023992C /* Debug */,
				8E02E96D2429753B0023992C /* Release */,
			);
			defaultConfigurationIsVisible = 0;
			defaultConfigurationName = Release;
		};
/* End XCConfigurationList section */
	};
	rootObject = 8E02E94F2429753A0023992C /* Project object */;
}
